// !$*UTF8*$!
{
	archiveVersion = 1;
	classes = {
	};
	objectVersion = 55;
	objects = {

/* Begin PBXBuildFile section */
		388D07D42A27819300D53290 /* AppDelegate.swift in Sources */ = {isa = PBXBuildFile; fileRef = 388D07D32A27819300D53290 /* AppDelegate.swift */; };
		388D07D62A27819300D53290 /* SceneDelegate.swift in Sources */ = {isa = PBXBuildFile; fileRef = 388D07D52A27819300D53290 /* SceneDelegate.swift */; };
		388D07D82A27819300D53290 /* iniciarSesionViewController.swift in Sources */ = {isa = PBXBuildFile; fileRef = 388D07D72A27819300D53290 /* iniciarSesionViewController.swift */; };
		388D07DB2A27819300D53290 /* Main.storyboard in Resources */ = {isa = PBXBuildFile; fileRef = 388D07D92A27819300D53290 /* Main.storyboard */; };
		388D07DD2A27819700D53290 /* Assets.xcassets in Resources */ = {isa = PBXBuildFile; fileRef = 388D07DC2A27819700D53290 /* Assets.xcassets */; };
		388D07E02A27819700D53290 /* LaunchScreen.storyboard in Resources */ = {isa = PBXBuildFile; fileRef = 388D07DE2A27819700D53290 /* LaunchScreen.storyboard */; };
		388D07E82A27853200D53290 /* GoogleService-Info.plist in Resources */ = {isa = PBXBuildFile; fileRef = 388D07E72A27853200D53290 /* GoogleService-Info.plist */; };
		F66BF8C18AFB7E8FE5F8C5D6 /* Pods_RuaSnapchat.framework in Frameworks */ = {isa = PBXBuildFile; fileRef = 3655470756343AC23DE11F07 /* Pods_RuaSnapchat.framework */; };
/* End PBXBuildFile section */

/* Begin PBXFileReference section */
		3655470756343AC23DE11F07 /* Pods_RuaSnapchat.framework */ = {isa = PBXFileReference; explicitFileType = wrapper.framework; includeInIndex = 0; path = Pods_RuaSnapchat.framework; sourceTree = BUILT_PRODUCTS_DIR; };
		388D07D02A27819300D53290 /* RuaSnapchat.app */ = {isa = PBXFileReference; explicitFileType = wrapper.application; includeInIndex = 0; path = RuaSnapchat.app; sourceTree = BUILT_PRODUCTS_DIR; };
		388D07D32A27819300D53290 /* AppDelegate.swift */ = {isa = PBXFileReference; lastKnownFileType = sourcecode.swift; path = AppDelegate.swift; sourceTree = "<group>"; };
		388D07D52A27819300D53290 /* SceneDelegate.swift */ = {isa = PBXFileReference; lastKnownFileType = sourcecode.swift; path = SceneDelegate.swift; sourceTree = "<group>"; };
		388D07D72A27819300D53290 /* iniciarSesionViewController.swift */ = {isa = PBXFileReference; lastKnownFileType = sourcecode.swift; path = iniciarSesionViewController.swift; sourceTree = "<group>"; };
		388D07DA2A27819300D53290 /* Base */ = {isa = PBXFileReference; lastKnownFileType = file.storyboard; name = Base; path = Base.lproj/Main.storyboard; sourceTree = "<group>"; };
		388D07DC2A27819700D53290 /* Assets.xcassets */ = {isa = PBXFileReference; lastKnownFileType = folder.assetcatalog; path = Assets.xcassets; sourceTree = "<group>"; };
		388D07DF2A27819700D53290 /* Base */ = {isa = PBXFileReference; lastKnownFileType = file.storyboard; name = Base; path = Base.lproj/LaunchScreen.storyboard; sourceTree = "<group>"; };
		388D07E12A27819700D53290 /* Info.plist */ = {isa = PBXFileReference; lastKnownFileType = text.plist.xml; path = Info.plist; sourceTree = "<group>"; };
		388D07E72A27853200D53290 /* GoogleService-Info.plist */ = {isa = PBXFileReference; fileEncoding = 4; lastKnownFileType = text.plist.xml; path = "GoogleService-Info.plist"; sourceTree = "<group>"; };
		9167B9C726810350955E6EC9 /* Pods-RuaSnapchat.release.xcconfig */ = {isa = PBXFileReference; includeInIndex = 1; lastKnownFileType = text.xcconfig; name = "Pods-RuaSnapchat.release.xcconfig"; path = "Target Support Files/Pods-RuaSnapchat/Pods-RuaSnapchat.release.xcconfig"; sourceTree = "<group>"; };
		C4DF8E0B90D3B5D64FA74B51 /* Pods-RuaSnapchat.debug.xcconfig */ = {isa = PBXFileReference; includeInIndex = 1; lastKnownFileType = text.xcconfig; name = "Pods-RuaSnapchat.debug.xcconfig"; path = "Target Support Files/Pods-RuaSnapchat/Pods-RuaSnapchat.debug.xcconfig"; sourceTree = "<group>"; };
/* End PBXFileReference section */

/* Begin PBXFrameworksBuildPhase section */
		388D07CD2A27819300D53290 /* Frameworks */ = {
			isa = PBXFrameworksBuildPhase;
			buildActionMask = 2147483647;
			files = (
				F66BF8C18AFB7E8FE5F8C5D6 /* Pods_RuaSnapchat.framework in Frameworks */,
			);
			runOnlyForDeploymentPostprocessing = 0;
		};
/* End PBXFrameworksBuildPhase section */

/* Begin PBXGroup section */
		388D07C72A27819300D53290 = {
			isa = PBXGroup;
			children = (
				388D07D22A27819300D53290 /* RuaSnapchat */,
				388D07D12A27819300D53290 /* Products */,
				F21948C46F40008C3E41F108 /* Pods */,
				BCA5C0068E4DF8997F5D0550 /* Frameworks */,
			);
			sourceTree = "<group>";
		};
		388D07D12A27819300D53290 /* Products */ = {
			isa = PBXGroup;
			children = (
				388D07D02A27819300D53290 /* RuaSnapchat.app */,
			);
			name = Products;
			sourceTree = "<group>";
		};
		388D07D22A27819300D53290 /* RuaSnapchat */ = {
			isa = PBXGroup;
			children = (
				388D07D32A27819300D53290 /* AppDelegate.swift */,
				388D07D52A27819300D53290 /* SceneDelegate.swift */,
				388D07D72A27819300D53290 /* iniciarSesionViewController.swift */,
				388D07D92A27819300D53290 /* Main.storyboard */,
				388D07DC2A27819700D53290 /* Assets.xcassets */,
				388D07DE2A27819700D53290 /* LaunchScreen.storyboard */,
				388D07E72A27853200D53290 /* GoogleService-Info.plist */,
				388D07E12A27819700D53290 /* Info.plist */,
			);
			path = RuaSnapchat;
			sourceTree = "<group>";
		};
		BCA5C0068E4DF8997F5D0550 /* Frameworks */ = {
			isa = PBXGroup;
			children = (
				3655470756343AC23DE11F07 /* Pods_RuaSnapchat.framework */,
			);
			name = Frameworks;
			sourceTree = "<group>";
		};
		F21948C46F40008C3E41F108 /* Pods */ = {
			isa = PBXGroup;
			children = (
				C4DF8E0B90D3B5D64FA74B51 /* Pods-RuaSnapchat.debug.xcconfig */,
				9167B9C726810350955E6EC9 /* Pods-RuaSnapchat.release.xcconfig */,
			);
			path = Pods;
			sourceTree = "<group>";
		};
/* End PBXGroup section */

/* Begin PBXNativeTarget section */
		388D07CF2A27819300D53290 /* RuaSnapchat */ = {
			isa = PBXNativeTarget;
			buildConfigurationList = 388D07E42A27819700D53290 /* Build configuration list for PBXNativeTarget "RuaSnapchat" */;
			buildPhases = (
				EECB4F9E19940E789BA347BC /* [CP] Check Pods Manifest.lock */,
				388D07CC2A27819300D53290 /* Sources */,
				388D07CD2A27819300D53290 /* Frameworks */,
				388D07CE2A27819300D53290 /* Resources */,
				058AB38CF9241E82445C193B /* [CP] Embed Pods Frameworks */,
			);
			buildRules = (
			);
			dependencies = (
			);
			name = RuaSnapchat;
			productName = RuaSnapchat;
			productReference = 388D07D02A27819300D53290 /* RuaSnapchat.app */;
			productType = "com.apple.product-type.application";
		};
/* End PBXNativeTarget section */

/* Begin PBXProject section */
		388D07C82A27819300D53290 /* Project object */ = {
			isa = PBXProject;
			attributes = {
				BuildIndependentTargetsInParallel = 1;
				LastSwiftUpdateCheck = 1330;
				LastUpgradeCheck = 1330;
				TargetAttributes = {
					388D07CF2A27819300D53290 = {
						CreatedOnToolsVersion = 13.3.1;
					};
				};
			};
			buildConfigurationList = 388D07CB2A27819300D53290 /* Build configuration list for PBXProject "RuaSnapchat" */;
			compatibilityVersion = "Xcode 13.0";
			developmentRegion = en;
			hasScannedForEncodings = 0;
			knownRegions = (
				en,
				Base,
			);
			mainGroup = 388D07C72A27819300D53290;
			productRefGroup = 388D07D12A27819300D53290 /* Products */;
			projectDirPath = "";
			projectRoot = "";
			targets = (
				388D07CF2A27819300D53290 /* RuaSnapchat */,
			);
		};
/* End PBXProject section */

/* Begin PBXResourcesBuildPhase section */
		388D07CE2A27819300D53290 /* Resources */ = {
			isa = PBXResourcesBuildPhase;
			buildActionMask = 2147483647;
			files = (
				388D07E02A27819700D53290 /* LaunchScreen.storyboard in Resources */,
				388D07E82A27853200D53290 /* GoogleService-Info.plist in Resources */,
				388D07DD2A27819700D53290 /* Assets.xcassets in Resources */,
				388D07DB2A27819300D53290 /* Main.storyboard in Resources */,
			);
			runOnlyForDeploymentPostprocessing = 0;
		};
/* End PBXResourcesBuildPhase section */

/* Begin PBXShellScriptBuildPhase section */
		058AB38CF9241E82445C193B /* [CP] Embed Pods Frameworks */ = {
			isa = PBXShellScriptBuildPhase;
			buildActionMask = 2147483647;
			files = (
			);
			inputFileListPaths = (
				"${PODS_ROOT}/Target Support Files/Pods-RuaSnapchat/Pods-RuaSnapchat-frameworks-${CONFIGURATION}-input-files.xcfilelist",
			);
			name = "[CP] Embed Pods Frameworks";
			outputFileListPaths = (
				"${PODS_ROOT}/Target Support Files/Pods-RuaSnapchat/Pods-RuaSnapchat-frameworks-${CONFIGURATION}-output-files.xcfilelist",
			);
			runOnlyForDeploymentPostprocessing = 0;
			shellPath = /bin/sh;
			shellScript = "\"${PODS_ROOT}/Target Support Files/Pods-RuaSnapchat/Pods-RuaSnapchat-frameworks.sh\"\n";
			showEnvVarsInLog = 0;
		};
		EECB4F9E19940E789BA347BC /* [CP] Check Pods Manifest.lock */ = {
			isa = PBXShellScriptBuildPhase;
			buildActionMask = 2147483647;
			files = (
			);
			inputFileListPaths = (
			);
			inputPaths = (
				"${PODS_PODFILE_DIR_PATH}/Podfile.lock",
				"${PODS_ROOT}/Manifest.lock",
			);
			name = "[CP] Check Pods Manifest.lock";
			outputFileListPaths = (
			);
			outputPaths = (
				"$(DERIVED_FILE_DIR)/Pods-RuaSnapchat-checkManifestLockResult.txt",
			);
			runOnlyForDeploymentPostprocessing = 0;
			shellPath = /bin/sh;
			shellScript = "diff \"${PODS_PODFILE_DIR_PATH}/Podfile.lock\" \"${PODS_ROOT}/Manifest.lock\" > /dev/null\nif [ $? != 0 ] ; then\n    # print error to STDERR\n    echo \"error: The sandbox is not in sync with the Podfile.lock. Run 'pod install' or update your CocoaPods installation.\" >&2\n    exit 1\nfi\n# This output is used by Xcode 'outputs' to avoid re-running this script phase.\necho \"SUCCESS\" > \"${SCRIPT_OUTPUT_FILE_0}\"\n";
			showEnvVarsInLog = 0;
		};
/* End PBXShellScriptBuildPhase section */

/* Begin PBXSourcesBuildPhase section */
		388D07CC2A27819300D53290 /* Sources */ = {
			isa = PBXSourcesBuildPhase;
			buildActionMask = 2147483647;
			files = (
				388D07D82A27819300D53290 /* iniciarSesionViewController.swift in Sources */,
				388D07D42A27819300D53290 /* AppDelegate.swift in Sources */,
				388D07D62A27819300D53290 /* SceneDelegate.swift in Sources */,
			);
			runOnlyForDeploymentPostprocessing = 0;
		};
/* End PBXSourcesBuildPhase section */

/* Begin PBXVariantGroup section */
		388D07D92A27819300D53290 /* Main.storyboard */ = {
			isa = PBXVariantGroup;
			children = (
				388D07DA2A27819300D53290 /* Base */,
			);
			name = Main.storyboard;
			sourceTree = "<group>";
		};
		388D07DE2A27819700D53290 /* LaunchScreen.storyboard */ = {
			isa = PBXVariantGroup;
			children = (
				388D07DF2A27819700D53290 /* Base */,
			);
			name = LaunchScreen.storyboard;
			sourceTree = "<group>";
		};
/* End PBXVariantGroup section */

/* Begin XCBuildConfiguration section */
		388D07E22A27819700D53290 /* Debug */ = {
			isa = XCBuildConfiguration;
			buildSettings = {
				ALWAYS_SEARCH_USER_PATHS = NO;
				CLANG_ANALYZER_NONNULL = YES;
				CLANG_ANALYZER_NUMBER_OBJECT_CONVERSION = YES_AGGRESSIVE;
				CLANG_CXX_LANGUAGE_STANDARD = "gnu++17";
				CLANG_ENABLE_MODULES = YES;
				CLANG_ENABLE_OBJC_ARC = YES;
				CLANG_ENABLE_OBJC_WEAK = YES;
				CLANG_WARN_BLOCK_CAPTURE_AUTORELEASING = YES;
				CLANG_WARN_BOOL_CONVERSION = YES;
				CLANG_WARN_COMMA = YES;
				CLANG_WARN_CONSTANT_CONVERSION = YES;
				CLANG_WARN_DEPRECATED_OBJC_IMPLEMENTATIONS = YES;
				CLANG_WARN_DIRECT_OBJC_ISA_USAGE = YES_ERROR;
				CLANG_WARN_DOCUMENTATION_COMMENTS = YES;
				CLANG_WARN_EMPTY_BODY = YES;
				CLANG_WARN_ENUM_CONVERSION = YES;
				CLANG_WARN_INFINITE_RECURSION = YES;
				CLANG_WARN_INT_CONVERSION = YES;
				CLANG_WARN_NON_LITERAL_NULL_CONVERSION = YES;
				CLANG_WARN_OBJC_IMPLICIT_RETAIN_SELF = YES;
				CLANG_WARN_OBJC_LITERAL_CONVERSION = YES;
				CLANG_WARN_OBJC_ROOT_CLASS = YES_ERROR;
				CLANG_WARN_QUOTED_INCLUDE_IN_FRAMEWORK_HEADER = YES;
				CLANG_WARN_RANGE_LOOP_ANALYSIS = YES;
				CLANG_WARN_STRICT_PROTOTYPES = YES;
				CLANG_WARN_SUSPICIOUS_MOVE = YES;
				CLANG_WARN_UNGUARDED_AVAILABILITY = YES_AGGRESSIVE;
				CLANG_WARN_UNREACHABLE_CODE = YES;
				CLANG_WARN__DUPLICATE_METHOD_MATCH = YES;
				COPY_PHASE_STRIP = NO;
				DEBUG_INFORMATION_FORMAT = dwarf;
				ENABLE_STRICT_OBJC_MSGSEND = YES;
				ENABLE_TESTABILITY = YES;
				GCC_C_LANGUAGE_STANDARD = gnu11;
				GCC_DYNAMIC_NO_PIC = NO;
				GCC_NO_COMMON_BLOCKS = YES;
				GCC_OPTIMIZATION_LEVEL = 0;
				GCC_PREPROCESSOR_DEFINITIONS = (
					"DEBUG=1",
					"$(inherited)",
				);
				GCC_WARN_64_TO_32_BIT_CONVERSION = YES;
				GCC_WARN_ABOUT_RETURN_TYPE = YES_ERROR;
				GCC_WARN_UNDECLARED_SELECTOR = YES;
				GCC_WARN_UNINITIALIZED_AUTOS = YES_AGGRESSIVE;
				GCC_WARN_UNUSED_FUNCTION = YES;
				GCC_WARN_UNUSED_VARIABLE = YES;
				IPHONEOS_DEPLOYMENT_TARGET = 15.4;
				MTL_ENABLE_DEBUG_INFO = INCLUDE_SOURCE;
				MTL_FAST_MATH = YES;
				ONLY_ACTIVE_ARCH = YES;
				SDKROOT = iphoneos;
				SWIFT_ACTIVE_COMPILATION_CONDITIONS = DEBUG;
				SWIFT_OPTIMIZATION_LEVEL = "-Onone";
			};
			name = Debug;
		};
		388D07E32A27819700D53290 /* Release */ = {
			isa = XCBuildConfiguration;
			buildSettings = {
				ALWAYS_SEARCH_USER_PATHS = NO;
				CLANG_ANALYZER_NONNULL = YES;
				CLANG_ANALYZER_NUMBER_OBJECT_CONVERSION = YES_AGGRESSIVE;
				CLANG_CXX_LANGUAGE_STANDARD = "gnu++17";
				CLANG_ENABLE_MODULES = YES;
				CLANG_ENABLE_OBJC_ARC = YES;
				CLANG_ENABLE_OBJC_WEAK = YES;
				CLANG_WARN_BLOCK_CAPTURE_AUTORELEASING = YES;
				CLANG_WARN_BOOL_CONVERSION = YES;
				CLANG_WARN_COMMA = YES;
				CLANG_WARN_CONSTANT_CONVERSION = YES;
				CLANG_WARN_DEPRECATED_OBJC_IMPLEMENTATIONS = YES;
				CLANG_WARN_DIRECT_OBJC_ISA_USAGE = YES_ERROR;
				CLANG_WARN_DOCUMENTATION_COMMENTS = YES;
				CLANG_WARN_EMPTY_BODY = YES;
				CLANG_WARN_ENUM_CONVERSION = YES;
				CLANG_WARN_INFINITE_RECURSION = YES;
				CLANG_WARN_INT_CONVERSION = YES;
				CLANG_WARN_NON_LITERAL_NULL_CONVERSION = YES;
				CLANG_WARN_OBJC_IMPLICIT_RETAIN_SELF = YES;
				CLANG_WARN_OBJC_LITERAL_CONVERSION = YES;
				CLANG_WARN_OBJC_ROOT_CLASS = YES_ERROR;
				CLANG_WARN_QUOTED_INCLUDE_IN_FRAMEWORK_HEADER = YES;
				CLANG_WARN_RANGE_LOOP_ANALYSIS = YES;
				CLANG_WARN_STRICT_PROTOTYPES = YES;
				CLANG_WARN_SUSPICIOUS_MOVE = YES;
				CLANG_WARN_UNGUARDED_AVAILABILITY = YES_AGGRESSIVE;
				CLANG_WARN_UNREACHABLE_CODE = YES;
				CLANG_WARN__DUPLICATE_METHOD_MATCH = YES;
				COPY_PHASE_STRIP = NO;
				DEBUG_INFORMATION_FORMAT = "dwarf-with-dsym";
				ENABLE_NS_ASSERTIONS = NO;
				ENABLE_STRICT_OBJC_MSGSEND = YES;
				GCC_C_LANGUAGE_STANDARD = gnu11;
				GCC_NO_COMMON_BLOCKS = YES;
				GCC_WARN_64_TO_32_BIT_CONVERSION = YES;
				GCC_WARN_ABOUT_RETURN_TYPE = YES_ERROR;
				GCC_WARN_UNDECLARED_SELECTOR = YES;
				GCC_WARN_UNINITIALIZED_AUTOS = YES_AGGRESSIVE;
				GCC_WARN_UNUSED_FUNCTION = YES;
				GCC_WARN_UNUSED_VARIABLE = YES;
				IPHONEOS_DEPLOYMENT_TARGET = 15.4;
				MTL_ENABLE_DEBUG_INFO = NO;
				MTL_FAST_MATH = YES;
				SDKROOT = iphoneos;
				SWIFT_COMPILATION_MODE = wholemodule;
				SWIFT_OPTIMIZATION_LEVEL = "-O";
				VALIDATE_PRODUCT = YES;
			};
			name = Release;
		};
		388D07E52A27819700D53290 /* Debug */ = {
			isa = XCBuildConfiguration;
			baseConfigurationReference = C4DF8E0B90D3B5D64FA74B51 /* Pods-RuaSnapchat.debug.xcconfig */;
			buildSettings = {
				ASSETCATALOG_COMPILER_APPICON_NAME = AppIcon;
				ASSETCATALOG_COMPILER_GLOBAL_ACCENT_COLOR_NAME = AccentColor;
				CODE_SIGN_STYLE = Automatic;
				CURRENT_PROJECT_VERSION = 1;
				GENERATE_INFOPLIST_FILE = YES;
				INFOPLIST_FILE = RuaSnapchat/Info.plist;
				INFOPLIST_KEY_UIApplicationSupportsIndirectInputEvents = YES;
				INFOPLIST_KEY_UILaunchStoryboardName = LaunchScreen;
				INFOPLIST_KEY_UIMainStoryboardFile = Main;
				INFOPLIST_KEY_UISupportedInterfaceOrientations_iPad = "UIInterfaceOrientationPortrait UIInterfaceOrientationPortraitUpsideDown UIInterfaceOrientationLandscapeLeft UIInterfaceOrientationLandscapeRight";
				INFOPLIST_KEY_UISupportedInterfaceOrientations_iPhone = "UIInterfaceOrientationPortrait UIInterfaceOrientationLandscapeLeft UIInterfaceOrientationLandscapeRight";
				LD_RUNPATH_SEARCH_PATHS = (
					"$(inherited)",
					"@executable_path/Frameworks",
				);
				MARKETING_VERSION = 1.0;
				PRODUCT_BUNDLE_IDENTIFIER = com.miempresa.RuaSnapchat;
				PRODUCT_NAME = "$(TARGET_NAME)";
				SWIFT_EMIT_LOC_STRINGS = YES;
				SWIFT_VERSION = 5.0;
				TARGETED_DEVICE_FAMILY = "1,2";
			};
			name = Debug;
		};
		388D07E62A27819700D53290 /* Release */ = {
			isa = XCBuildConfiguration;
			baseConfigurationReference = 9167B9C726810350955E6EC9 /* Pods-RuaSnapchat.release.xcconfig */;
			buildSettings = {
				ASSETCATALOG_COMPILER_APPICON_NAME = AppIcon;
				ASSETCATALOG_COMPILER_GLOBAL_ACCENT_COLOR_NAME = AccentColor;
				CODE_SIGN_STYLE = Automatic;
				CURRENT_PROJECT_VERSION = 1;
				GENERATE_INFOPLIST_FILE = YES;
				INFOPLIST_FILE = RuaSnapchat/Info.plist;
				INFOPLIST_KEY_UIApplicationSupportsIndirectInputEvents = YES;
				INFOPLIST_KEY_UILaunchStoryboardName = LaunchScreen;
				INFOPLIST_KEY_UIMainStoryboardFile = Main;
				INFOPLIST_KEY_UISupportedInterfaceOrientations_iPad = "UIInterfaceOrientationPortrait UIInterfaceOrientationPortraitUpsideDown UIInterfaceOrientationLandscapeLeft UIInterfaceOrientationLandscapeRight";
				INFOPLIST_KEY_UISupportedInterfaceOrientations_iPhone = "UIInterfaceOrientationPortrait UIInterfaceOrientationLandscapeLeft UIInterfaceOrientationLandscapeRight";
				LD_RUNPATH_SEARCH_PATHS = (
					"$(inherited)",
					"@executable_path/Frameworks",
				);
				MARKETING_VERSION = 1.0;
				PRODUCT_BUNDLE_IDENTIFIER = com.miempresa.RuaSnapchat;
				PRODUCT_NAME = "$(TARGET_NAME)";
				SWIFT_EMIT_LOC_STRINGS = YES;
				SWIFT_VERSION = 5.0;
				TARGETED_DEVICE_FAMILY = "1,2";
			};
			name = Release;
		};
/* End XCBuildConfiguration section */

/* Begin XCConfigurationList section */
		388D07CB2A27819300D53290 /* Build configuration list for PBXProject "RuaSnapchat" */ = {
			isa = XCConfigurationList;
			buildConfigurations = (
				388D07E22A27819700D53290 /* Debug */,
				388D07E32A27819700D53290 /* Release */,
			);
			defaultConfigurationIsVisible = 0;
			defaultConfigurationName = Release;
		};
		388D07E42A27819700D53290 /* Build configuration list for PBXNativeTarget "RuaSnapchat" */ = {
			isa = XCConfigurationList;
			buildConfigurations = (
				388D07E52A27819700D53290 /* Debug */,
				388D07E62A27819700D53290 /* Release */,
			);
			defaultConfigurationIsVisible = 0;
			defaultConfigurationName = Release;
		};
/* End XCConfigurationList section */
	};
	rootObject = 388D07C82A27819300D53290 /* Project object */;
}
